<?xml version="1.0" encoding="utf-8"?>
<Project ToolsVersion="4.0" xmlns="http://schemas.microsoft.com/developer/msbuild/2003">
  <ItemGroup>
    <ClCompile Include="main.cpp" />
    <ClCompile Include="RavenApp.cpp" />
    <ClCompile Include="raven\model.cpp" />
    <ClCompile Include="raven\DebugUI.cpp" />
  </ItemGroup>
  <ItemGroup>
    <Filter Include="includes">
      <UniqueIdentifier>{bc683fd0-55fa-47ef-a964-03a5aa26bf60}</UniqueIdentifier>
    </Filter>
    <Filter Include="includes\glm">
      <UniqueIdentifier>{721112e3-b1aa-4d4b-800d-eed171d3d361}</UniqueIdentifier>
    </Filter>
    <Filter Include="includes\glm\detail">
      <UniqueIdentifier>{64583641-bc41-4731-a1c0-7815cfdf8318}</UniqueIdentifier>
    </Filter>
    <Filter Include="includes\glm\gtc">
      <UniqueIdentifier>{56cbb43c-23ee-4e09-8403-1a2eb1254353}</UniqueIdentifier>
    </Filter>
    <Filter Include="includes\glm\gtx">
      <UniqueIdentifier>{b7b116bb-7cb7-4d1c-88b7-2339838abe66}</UniqueIdentifier>
    </Filter>
    <Filter Include="includes\glm\simd">
      <UniqueIdentifier>{7389bc55-7981-450f-bf40-c886b1e16397}</UniqueIdentifier>
    </Filter>
    <Filter Include="helpers">
      <UniqueIdentifier>{390904d6-e025-42ba-a281-dd3ef4e19fbe}</UniqueIdentifier>
    </Filter>
    <Filter Include="base">
      <UniqueIdentifier>{97537fb6-3577-453e-9365-71bf0dbbcbe6}</UniqueIdentifier>
    </Filter>
    <Filter Include="vulkan">
      <UniqueIdentifier>{32c43e2c-15f6-4f65-a253-84d8c8180024}</UniqueIdentifier>
    </Filter>
    <Filter Include="threading">
      <UniqueIdentifier>{52d6df23-77e3-4eeb-b6cf-67074eab8135}</UniqueIdentifier>
    </Filter>
    <Filter Include="renderers">
      <UniqueIdentifier>{851ac35d-fad4-4c4d-8736-83a629c405ce}</UniqueIdentifier>
    </Filter>
  </ItemGroup>
  <ItemGroup>
    <ClInclude Include="RavenApp.h" />
    <ClInclude Include="includes\standard.h">
      <Filter>includes</Filter>
    </ClInclude>
    <ClInclude Include="raven\model.h" />
    <ClInclude Include="misc\cache_binary.h" />
    <ClInclude Include="raven\DebugUI.h" />
    <ClInclude Include="random_generator.h" />
    <ClInclude Include="misc\avx.h" />
  </ItemGroup>
</Project>